
Microsoft Visual Studio Solution File, Format Version 12.00
# Visual Studio Version 17
VisualStudioVersion = 17.0.31717.71
MinimumVisualStudioVersion = 15.0.26124.0
Project("{2150E333-8FDC-42A3-9474-1A3956D46DE8}") = "Solution Items", "Solution Items", "{29C81B48-7ADA-4C89-B454-45B623039C09}"
	ProjectSection(SolutionItems) = preProject
		..\.editorconfig = ..\.editorconfig
		Directory.Build.props = Directory.Build.props
	EndProjectSection
EndProject
Project("{FAE04EC0-301F-11D3-BF4B-00C04F79EFBC}") = "SimpleDecorator", "SimpleDecorator\SimpleDecorator.csproj", "{EE0E1288-9AFE-430D-ADB1-190562929605}"
EndProject
Project("{FAE04EC0-301F-11D3-BF4B-00C04F79EFBC}") = "SimpleDecorator.Tests", "SimpleDecorator.Tests\SimpleDecorator.Tests.csproj", "{C4DBC9AF-B12F-4244-AE70-7E004847A422}"
EndProject
Global
	GlobalSection(SolutionConfigurationPlatforms) = preSolution
		Debug|Any CPU = Debug|Any CPU
		Release|Any CPU = Release|Any CPU
	EndGlobalSection
	GlobalSection(ProjectConfigurationPlatforms) = postSolution
		{EE0E1288-9AFE-430D-ADB1-190562929605}.Debug|Any CPU.ActiveCfg = Debug|Any CPU
		{EE0E1288-9AFE-430D-ADB1-190562929605}.Debug|Any CPU.Build.0 = Debug|Any CPU
		{EE0E1288-9AFE-430D-ADB1-190562929605}.Release|Any CPU.ActiveCfg = Release|Any CPU
		{EE0E1288-9AFE-430D-ADB1-190562929605}.Release|Any CPU.Build.0 = Release|Any CPU
		{C4DBC9AF-B12F-4244-AE70-7E004847A422}.Debug|Any CPU.ActiveCfg = Debug|Any CPU
		{C4DBC9AF-B12F-4244-AE70-7E004847A422}.Debug|Any CPU.Build.0 = Debug|Any CPU
		{C4DBC9AF-B12F-4244-AE70-7E004847A422}.Release|Any CPU.ActiveCfg = Release|Any CPU
		{C4DBC9AF-B12F-4244-AE70-7E004847A422}.Release|Any CPU.Build.0 = Release|Any CPU
	EndGlobalSection
	GlobalSection(SolutionProperties) = preSolution
		HideSolutionNode = FALSE
	EndGlobalSection
	GlobalSection(ExtensibilityGlobals) = postSolution
		SolutionGuid = {EBF86A4A-E639-4F62-AAEE-EAD045707B45}
	EndGlobalSection
EndGlobal
